// !$*UTF8*$!
{
	archiveVersion = 1;
	classes = {
	};
	objectVersion = 46;
	objects = {

/* Begin PBXBuildFile section */
		0FAFE8811DF87C0F0001A28A /* AppDelegate.swift in Sources */ = {isa = PBXBuildFile; fileRef = 0FAFE8801DF87C0F0001A28A /* AppDelegate.swift */; };
		0FAFE8861DF87C0F0001A28A /* Main.storyboard in Resources */ = {isa = PBXBuildFile; fileRef = 0FAFE8841DF87C0F0001A28A /* Main.storyboard */; };
		0FAFE8881DF87C0F0001A28A /* Assets.xcassets in Resources */ = {isa = PBXBuildFile; fileRef = 0FAFE8871DF87C0F0001A28A /* Assets.xcassets */; };
		0FAFE88B1DF87C0F0001A28A /* LaunchScreen.storyboard in Resources */ = {isa = PBXBuildFile; fileRef = 0FAFE8891DF87C0F0001A28A /* LaunchScreen.storyboard */; };
		0FAFE8961DF87C0F0001A28A /* BeesManagementTests.swift in Sources */ = {isa = PBXBuildFile; fileRef = 0FAFE8951DF87C0F0001A28A /* BeesManagementTests.swift */; };
		0FAFE8A11DF87C0F0001A28A /* BeesManagementUITests.swift in Sources */ = {isa = PBXBuildFile; fileRef = 0FAFE8A01DF87C0F0001A28A /* BeesManagementUITests.swift */; };
		0FAFE8AF1DF87F010001A28A /* UserNotifications.framework in Frameworks */ = {isa = PBXBuildFile; fileRef = 0FAFE8AE1DF87F010001A28A /* UserNotifications.framework */; };
		0FAFE8B31DF883620001A28A /* LoginViewController.swift in Sources */ = {isa = PBXBuildFile; fileRef = 0FAFE8B21DF883620001A28A /* LoginViewController.swift */; };
		0FAFE8B51DF887050001A28A /* DetailsViewController.swift in Sources */ = {isa = PBXBuildFile; fileRef = 0FAFE8B41DF887050001A28A /* DetailsViewController.swift */; };
		0FAFE8B71DF88E7B0001A28A /* NetworkManager.swift in Sources */ = {isa = PBXBuildFile; fileRef = 0FAFE8B61DF88E7B0001A28A /* NetworkManager.swift */; };
		0FAFE8B91DF8A4340001A28A /* EmployeeCellTableViewCell.swift in Sources */ = {isa = PBXBuildFile; fileRef = 0FAFE8B81DF8A4340001A28A /* EmployeeCellTableViewCell.swift */; };
		0FAFE8BB1DF8A5040001A28A /* Employee.swift in Sources */ = {isa = PBXBuildFile; fileRef = 0FAFE8BA1DF8A5040001A28A /* Employee.swift */; };
		4DB3DC43D60B37BF95FC02B5 /* Pods_BeesManagementTests.framework in Frameworks */ = {isa = PBXBuildFile; fileRef = D2C787FA1978752EE96AD12B /* Pods_BeesManagementTests.framework */; };
		7B14E53C3351060782D7416E /* Pods_BeesManagementUITests.framework in Frameworks */ = {isa = PBXBuildFile; fileRef = EA6444586D7E1E302CB8F0D5 /* Pods_BeesManagementUITests.framework */; };
		9268870A3DA04F7AAB799BA8 /* Pods_BeesManagement.framework in Frameworks */ = {isa = PBXBuildFile; fileRef = 4FE55D4A017CDB0964DD44A7 /* Pods_BeesManagement.framework */; };
/* End PBXBuildFile section */

/* Begin PBXContainerItemProxy section */
		0FAFE8921DF87C0F0001A28A /* PBXContainerItemProxy */ = {
			isa = PBXContainerItemProxy;
			containerPortal = 0FAFE8751DF87C0F0001A28A /* Project object */;
			proxyType = 1;
			remoteGlobalIDString = 0FAFE87C1DF87C0F0001A28A;
			remoteInfo = BeesManagement;
		};
		0FAFE89D1DF87C0F0001A28A /* PBXContainerItemProxy */ = {
			isa = PBXContainerItemProxy;
			containerPortal = 0FAFE8751DF87C0F0001A28A /* Project object */;
			proxyType = 1;
			remoteGlobalIDString = 0FAFE87C1DF87C0F0001A28A;
			remoteInfo = BeesManagement;
		};
/* End PBXContainerItemProxy section */

/* Begin PBXFileReference section */
		0FAFE87D1DF87C0F0001A28A /* BeesManagement.app */ = {isa = PBXFileReference; explicitFileType = wrapper.application; includeInIndex = 0; path = BeesManagement.app; sourceTree = BUILT_PRODUCTS_DIR; };
		0FAFE8801DF87C0F0001A28A /* AppDelegate.swift */ = {isa = PBXFileReference; lastKnownFileType = sourcecode.swift; path = AppDelegate.swift; sourceTree = "<group>"; };
		0FAFE8851DF87C0F0001A28A /* Base */ = {isa = PBXFileReference; lastKnownFileType = file.storyboard; name = Base; path = Base.lproj/Main.storyboard; sourceTree = "<group>"; };
		0FAFE8871DF87C0F0001A28A /* Assets.xcassets */ = {isa = PBXFileReference; lastKnownFileType = folder.assetcatalog; path = Assets.xcassets; sourceTree = "<group>"; };
		0FAFE88A1DF87C0F0001A28A /* Base */ = {isa = PBXFileReference; lastKnownFileType = file.storyboard; name = Base; path = Base.lproj/LaunchScreen.storyboard; sourceTree = "<group>"; };
		0FAFE88C1DF87C0F0001A28A /* Info.plist */ = {isa = PBXFileReference; lastKnownFileType = text.plist.xml; path = Info.plist; sourceTree = "<group>"; };
		0FAFE8911DF87C0F0001A28A /* BeesManagementTests.xctest */ = {isa = PBXFileReference; explicitFileType = wrapper.cfbundle; includeInIndex = 0; path = BeesManagementTests.xctest; sourceTree = BUILT_PRODUCTS_DIR; };
		0FAFE8951DF87C0F0001A28A /* BeesManagementTests.swift */ = {isa = PBXFileReference; lastKnownFileType = sourcecode.swift; path = BeesManagementTests.swift; sourceTree = "<group>"; };
		0FAFE8971DF87C0F0001A28A /* Info.plist */ = {isa = PBXFileReference; lastKnownFileType = text.plist.xml; path = Info.plist; sourceTree = "<group>"; };
		0FAFE89C1DF87C0F0001A28A /* BeesManagementUITests.xctest */ = {isa = PBXFileReference; explicitFileType = wrapper.cfbundle; includeInIndex = 0; path = BeesManagementUITests.xctest; sourceTree = BUILT_PRODUCTS_DIR; };
		0FAFE8A01DF87C0F0001A28A /* BeesManagementUITests.swift */ = {isa = PBXFileReference; lastKnownFileType = sourcecode.swift; path = BeesManagementUITests.swift; sourceTree = "<group>"; };
		0FAFE8A21DF87C0F0001A28A /* Info.plist */ = {isa = PBXFileReference; lastKnownFileType = text.plist.xml; path = Info.plist; sourceTree = "<group>"; };
		0FAFE8AE1DF87F010001A28A /* UserNotifications.framework */ = {isa = PBXFileReference; lastKnownFileType = wrapper.framework; name = UserNotifications.framework; path = System/Library/Frameworks/UserNotifications.framework; sourceTree = SDKROOT; };
		0FAFE8B21DF883620001A28A /* LoginViewController.swift */ = {isa = PBXFileReference; fileEncoding = 4; lastKnownFileType = sourcecode.swift; path = LoginViewController.swift; sourceTree = "<group>"; };
		0FAFE8B41DF887050001A28A /* DetailsViewController.swift */ = {isa = PBXFileReference; fileEncoding = 4; lastKnownFileType = sourcecode.swift; path = DetailsViewController.swift; sourceTree = "<group>"; };
		0FAFE8B61DF88E7B0001A28A /* NetworkManager.swift */ = {isa = PBXFileReference; fileEncoding = 4; lastKnownFileType = sourcecode.swift; path = NetworkManager.swift; sourceTree = "<group>"; };
		0FAFE8B81DF8A4340001A28A /* EmployeeCellTableViewCell.swift */ = {isa = PBXFileReference; fileEncoding = 4; lastKnownFileType = sourcecode.swift; path = EmployeeCellTableViewCell.swift; sourceTree = "<group>"; };
		0FAFE8BA1DF8A5040001A28A /* Employee.swift */ = {isa = PBXFileReference; fileEncoding = 4; lastKnownFileType = sourcecode.swift; path = Employee.swift; sourceTree = "<group>"; };
		19915A4C72534B9B9FB64C67 /* Pods-BeesManagementTests.debug.xcconfig */ = {isa = PBXFileReference; includeInIndex = 1; lastKnownFileType = text.xcconfig; name = "Pods-BeesManagementTests.debug.xcconfig"; path = "Pods/Target Support Files/Pods-BeesManagementTests/Pods-BeesManagementTests.debug.xcconfig"; sourceTree = "<group>"; };
		4FE55D4A017CDB0964DD44A7 /* Pods_BeesManagement.framework */ = {isa = PBXFileReference; explicitFileType = wrapper.framework; includeInIndex = 0; path = Pods_BeesManagement.framework; sourceTree = BUILT_PRODUCTS_DIR; };
		916B05E429F4AB72457B7118 /* Pods-BeesManagement.debug.xcconfig */ = {isa = PBXFileReference; includeInIndex = 1; lastKnownFileType = text.xcconfig; name = "Pods-BeesManagement.debug.xcconfig"; path = "Pods/Target Support Files/Pods-BeesManagement/Pods-BeesManagement.debug.xcconfig"; sourceTree = "<group>"; };
		A3CEEDCA85B8CC3B9002BFC7 /* Pods-BeesManagementUITests.debug.xcconfig */ = {isa = PBXFileReference; includeInIndex = 1; lastKnownFileType = text.xcconfig; name = "Pods-BeesManagementUITests.debug.xcconfig"; path = "Pods/Target Support Files/Pods-BeesManagementUITests/Pods-BeesManagementUITests.debug.xcconfig"; sourceTree = "<group>"; };
		BAADACE612D9606A9B86C04B /* Pods-BeesManagement.release.xcconfig */ = {isa = PBXFileReference; includeInIndex = 1; lastKnownFileType = text.xcconfig; name = "Pods-BeesManagement.release.xcconfig"; path = "Pods/Target Support Files/Pods-BeesManagement/Pods-BeesManagement.release.xcconfig"; sourceTree = "<group>"; };
		D28E8937D09BA6AC38C5AEF5 /* Pods-BeesManagementTests.release.xcconfig */ = {isa = PBXFileReference; includeInIndex = 1; lastKnownFileType = text.xcconfig; name = "Pods-BeesManagementTests.release.xcconfig"; path = "Pods/Target Support Files/Pods-BeesManagementTests/Pods-BeesManagementTests.release.xcconfig"; sourceTree = "<group>"; };
		D2C787FA1978752EE96AD12B /* Pods_BeesManagementTests.framework */ = {isa = PBXFileReference; explicitFileType = wrapper.framework; includeInIndex = 0; path = Pods_BeesManagementTests.framework; sourceTree = BUILT_PRODUCTS_DIR; };
		E41E447DC31B92DC42475E62 /* Pods-BeesManagementUITests.release.xcconfig */ = {isa = PBXFileReference; includeInIndex = 1; lastKnownFileType = text.xcconfig; name = "Pods-BeesManagementUITests.release.xcconfig"; path = "Pods/Target Support Files/Pods-BeesManagementUITests/Pods-BeesManagementUITests.release.xcconfig"; sourceTree = "<group>"; };
		EA6444586D7E1E302CB8F0D5 /* Pods_BeesManagementUITests.framework */ = {isa = PBXFileReference; explicitFileType = wrapper.framework; includeInIndex = 0; path = Pods_BeesManagementUITests.framework; sourceTree = BUILT_PRODUCTS_DIR; };
/* End PBXFileReference section */

/* Begin PBXFrameworksBuildPhase section */
		0FAFE87A1DF87C0F0001A28A /* Frameworks */ = {
			isa = PBXFrameworksBuildPhase;
			buildActionMask = 2147483647;
			files = (
				0FAFE8AF1DF87F010001A28A /* UserNotifications.framework in Frameworks */,
				9268870A3DA04F7AAB799BA8 /* Pods_BeesManagement.framework in Frameworks */,
			);
			runOnlyForDeploymentPostprocessing = 0;
		};
		0FAFE88E1DF87C0F0001A28A /* Frameworks */ = {
			isa = PBXFrameworksBuildPhase;
			buildActionMask = 2147483647;
			files = (
				4DB3DC43D60B37BF95FC02B5 /* Pods_BeesManagementTests.framework in Frameworks */,
			);
			runOnlyForDeploymentPostprocessing = 0;
		};
		0FAFE8991DF87C0F0001A28A /* Frameworks */ = {
			isa = PBXFrameworksBuildPhase;
			buildActionMask = 2147483647;
			files = (
				7B14E53C3351060782D7416E /* Pods_BeesManagementUITests.framework in Frameworks */,
			);
			runOnlyForDeploymentPostprocessing = 0;
		};
/* End PBXFrameworksBuildPhase section */

/* Begin PBXGroup section */
		0FAFE8741DF87C0F0001A28A = {
			isa = PBXGroup;
			children = (
				0FAFE87F1DF87C0F0001A28A /* BeesManagement */,
				0FAFE8941DF87C0F0001A28A /* BeesManagementTests */,
				0FAFE89F1DF87C0F0001A28A /* BeesManagementUITests */,
				0FAFE87E1DF87C0F0001A28A /* Products */,
				18154C30B6D6FC2BB2E0052C /* Pods */,
				6F17D1B37A58646B6066F227 /* Frameworks */,
			);
			sourceTree = "<group>";
		};
		0FAFE87E1DF87C0F0001A28A /* Products */ = {
			isa = PBXGroup;
			children = (
				0FAFE87D1DF87C0F0001A28A /* BeesManagement.app */,
				0FAFE8911DF87C0F0001A28A /* BeesManagementTests.xctest */,
				0FAFE89C1DF87C0F0001A28A /* BeesManagementUITests.xctest */,
			);
			name = Products;
			sourceTree = "<group>";
		};
		0FAFE87F1DF87C0F0001A28A /* BeesManagement */ = {
			isa = PBXGroup;
			children = (
				0FAFE8801DF87C0F0001A28A /* AppDelegate.swift */,
				0FAFE8841DF87C0F0001A28A /* Main.storyboard */,
				0FAFE8871DF87C0F0001A28A /* Assets.xcassets */,
				0FAFE8891DF87C0F0001A28A /* LaunchScreen.storyboard */,
				0FAFE88C1DF87C0F0001A28A /* Info.plist */,
				0FAFE8B21DF883620001A28A /* LoginViewController.swift */,
				0FAFE8B41DF887050001A28A /* DetailsViewController.swift */,
				0FAFE8B61DF88E7B0001A28A /* NetworkManager.swift */,
				0FAFE8B81DF8A4340001A28A /* EmployeeCellTableViewCell.swift */,
				0FAFE8BA1DF8A5040001A28A /* Employee.swift */,
			);
			path = BeesManagement;
			sourceTree = "<group>";
		};
		0FAFE8941DF87C0F0001A28A /* BeesManagementTests */ = {
			isa = PBXGroup;
			children = (
				0FAFE8951DF87C0F0001A28A /* BeesManagementTests.swift */,
				0FAFE8971DF87C0F0001A28A /* Info.plist */,
			);
			path = BeesManagementTests;
			sourceTree = "<group>";
		};
		0FAFE89F1DF87C0F0001A28A /* BeesManagementUITests */ = {
			isa = PBXGroup;
			children = (
				0FAFE8A01DF87C0F0001A28A /* BeesManagementUITests.swift */,
				0FAFE8A21DF87C0F0001A28A /* Info.plist */,
			);
			path = BeesManagementUITests;
			sourceTree = "<group>";
		};
		18154C30B6D6FC2BB2E0052C /* Pods */ = {
			isa = PBXGroup;
			children = (
				916B05E429F4AB72457B7118 /* Pods-BeesManagement.debug.xcconfig */,
				BAADACE612D9606A9B86C04B /* Pods-BeesManagement.release.xcconfig */,
				19915A4C72534B9B9FB64C67 /* Pods-BeesManagementTests.debug.xcconfig */,
				D28E8937D09BA6AC38C5AEF5 /* Pods-BeesManagementTests.release.xcconfig */,
				A3CEEDCA85B8CC3B9002BFC7 /* Pods-BeesManagementUITests.debug.xcconfig */,
				E41E447DC31B92DC42475E62 /* Pods-BeesManagementUITests.release.xcconfig */,
			);
			name = Pods;
			sourceTree = "<group>";
		};
		6F17D1B37A58646B6066F227 /* Frameworks */ = {
			isa = PBXGroup;
			children = (
				0FAFE8AE1DF87F010001A28A /* UserNotifications.framework */,
				4FE55D4A017CDB0964DD44A7 /* Pods_BeesManagement.framework */,
				D2C787FA1978752EE96AD12B /* Pods_BeesManagementTests.framework */,
				EA6444586D7E1E302CB8F0D5 /* Pods_BeesManagementUITests.framework */,
			);
			name = Frameworks;
			sourceTree = "<group>";
		};
/* End PBXGroup section */

/* Begin PBXNativeTarget section */
		0FAFE87C1DF87C0F0001A28A /* BeesManagement */ = {
			isa = PBXNativeTarget;
			buildConfigurationList = 0FAFE8A51DF87C0F0001A28A /* Build configuration list for PBXNativeTarget "BeesManagement" */;
			buildPhases = (
				8518364B18AB72CA683F8EA4 /* [CP] Check Pods Manifest.lock */,
				0FAFE8791DF87C0F0001A28A /* Sources */,
				0FAFE87A1DF87C0F0001A28A /* Frameworks */,
				0FAFE87B1DF87C0F0001A28A /* Resources */,
				C3EED766FDCB00338B2BB717 /* [CP] Embed Pods Frameworks */,
				EC4C8B220CF2829B97FDD1FA /* [CP] Copy Pods Resources */,
			);
			buildRules = (
			);
			dependencies = (
			);
			name = BeesManagement;
			productName = BeesManagement;
			productReference = 0FAFE87D1DF87C0F0001A28A /* BeesManagement.app */;
			productType = "com.apple.product-type.application";
		};
		0FAFE8901DF87C0F0001A28A /* BeesManagementTests */ = {
			isa = PBXNativeTarget;
			buildConfigurationList = 0FAFE8A81DF87C0F0001A28A /* Build configuration list for PBXNativeTarget "BeesManagementTests" */;
			buildPhases = (
				B96123DA2716EFEC7F64DC2C /* [CP] Check Pods Manifest.lock */,
				0FAFE88D1DF87C0F0001A28A /* Sources */,
				0FAFE88E1DF87C0F0001A28A /* Frameworks */,
				0FAFE88F1DF87C0F0001A28A /* Resources */,
				D79A8E43D8AE38C6C96E5288 /* [CP] Embed Pods Frameworks */,
				2AB17739A33434060BD940C6 /* [CP] Copy Pods Resources */,
			);
			buildRules = (
			);
			dependencies = (
				0FAFE8931DF87C0F0001A28A /* PBXTargetDependency */,
			);
			name = BeesManagementTests;
			productName = BeesManagementTests;
			productReference = 0FAFE8911DF87C0F0001A28A /* BeesManagementTests.xctest */;
			productType = "com.apple.product-type.bundle.unit-test";
		};
		0FAFE89B1DF87C0F0001A28A /* BeesManagementUITests */ = {
			isa = PBXNativeTarget;
			buildConfigurationList = 0FAFE8AB1DF87C0F0001A28A /* Build configuration list for PBXNativeTarget "BeesManagementUITests" */;
			buildPhases = (
				44CB83D83841BD65E4CB2E60 /* [CP] Check Pods Manifest.lock */,
				0FAFE8981DF87C0F0001A28A /* Sources */,
				0FAFE8991DF87C0F0001A28A /* Frameworks */,
				0FAFE89A1DF87C0F0001A28A /* Resources */,
				31AEBF071A0D0CD8CAE1A080 /* [CP] Embed Pods Frameworks */,
				F14C5FF8D8DAF69728C2F879 /* [CP] Copy Pods Resources */,
			);
			buildRules = (
			);
			dependencies = (
				0FAFE89E1DF87C0F0001A28A /* PBXTargetDependency */,
			);
			name = BeesManagementUITests;
			productName = BeesManagementUITests;
			productReference = 0FAFE89C1DF87C0F0001A28A /* BeesManagementUITests.xctest */;
			productType = "com.apple.product-type.bundle.ui-testing";
		};
/* End PBXNativeTarget section */

/* Begin PBXProject section */
		0FAFE8751DF87C0F0001A28A /* Project object */ = {
			isa = PBXProject;
			attributes = {
				LastSwiftUpdateCheck = 0800;
				LastUpgradeCheck = 0800;
				ORGANIZATIONNAME = HoneyWell;
				TargetAttributes = {
					0FAFE87C1DF87C0F0001A28A = {
						CreatedOnToolsVersion = 8.0;
						DevelopmentTeam = V5WMC2DRU2;
						ProvisioningStyle = Automatic;
					};
					0FAFE8901DF87C0F0001A28A = {
						CreatedOnToolsVersion = 8.0;
						ProvisioningStyle = Automatic;
						TestTargetID = 0FAFE87C1DF87C0F0001A28A;
					};
					0FAFE89B1DF87C0F0001A28A = {
						CreatedOnToolsVersion = 8.0;
						ProvisioningStyle = Automatic;
						TestTargetID = 0FAFE87C1DF87C0F0001A28A;
					};
				};
			};
			buildConfigurationList = 0FAFE8781DF87C0F0001A28A /* Build configuration list for PBXProject "BeesManagement" */;
			compatibilityVersion = "Xcode 3.2";
			developmentRegion = English;
			hasScannedForEncodings = 0;
			knownRegions = (
				en,
				Base,
			);
			mainGroup = 0FAFE8741DF87C0F0001A28A;
			productRefGroup = 0FAFE87E1DF87C0F0001A28A /* Products */;
			projectDirPath = "";
			projectRoot = "";
			targets = (
				0FAFE87C1DF87C0F0001A28A /* BeesManagement */,
				0FAFE8901DF87C0F0001A28A /* BeesManagementTests */,
				0FAFE89B1DF87C0F0001A28A /* BeesManagementUITests */,
			);
		};
/* End PBXProject section */

/* Begin PBXResourcesBuildPhase section */
		0FAFE87B1DF87C0F0001A28A /* Resources */ = {
			isa = PBXResourcesBuildPhase;
			buildActionMask = 2147483647;
			files = (
				0FAFE88B1DF87C0F0001A28A /* LaunchScreen.storyboard in Resources */,
				0FAFE8881DF87C0F0001A28A /* Assets.xcassets in Resources */,
				0FAFE8861DF87C0F0001A28A /* Main.storyboard in Resources */,
			);
			runOnlyForDeploymentPostprocessing = 0;
		};
		0FAFE88F1DF87C0F0001A28A /* Resources */ = {
			isa = PBXResourcesBuildPhase;
			buildActionMask = 2147483647;
			files = (
			);
			runOnlyForDeploymentPostprocessing = 0;
		};
		0FAFE89A1DF87C0F0001A28A /* Resources */ = {
			isa = PBXResourcesBuildPhase;
			buildActionMask = 2147483647;
			files = (
			);
			runOnlyForDeploymentPostprocessing = 0;
		};
/* End PBXResourcesBuildPhase section */

/* Begin PBXShellScriptBuildPhase section */
		2AB17739A33434060BD940C6 /* [CP] Copy Pods Resources */ = {
			isa = PBXShellScriptBuildPhase;
			buildActionMask = 2147483647;
			files = (
			);
			inputPaths = (
			);
			name = "[CP] Copy Pods Resources";
			outputPaths = (
			);
			runOnlyForDeploymentPostprocessing = 0;
			shellPath = /bin/sh;
			shellScript = "\"${SRCROOT}/Pods/Target Support Files/Pods-BeesManagementTests/Pods-BeesManagementTests-resources.sh\"\n";
			showEnvVarsInLog = 0;
		};
		31AEBF071A0D0CD8CAE1A080 /* [CP] Embed Pods Frameworks */ = {
			isa = PBXShellScriptBuildPhase;
			buildActionMask = 2147483647;
			files = (
			);
			inputPaths = (
			);
			name = "[CP] Embed Pods Frameworks";
			outputPaths = (
			);
			runOnlyForDeploymentPostprocessing = 0;
			shellPath = /bin/sh;
			shellScript = "\"${SRCROOT}/Pods/Target Support Files/Pods-BeesManagementUITests/Pods-BeesManagementUITests-frameworks.sh\"\n";
			showEnvVarsInLog = 0;
		};
		44CB83D83841BD65E4CB2E60 /* [CP] Check Pods Manifest.lock */ = {
			isa = PBXShellScriptBuildPhase;
			buildActionMask = 2147483647;
			files = (
			);
			inputPaths = (
			);
			name = "[CP] Check Pods Manifest.lock";
			outputPaths = (
			);
			runOnlyForDeploymentPostprocessing = 0;
			shellPath = /bin/sh;
			shellScript = "diff \"${PODS_ROOT}/../Podfile.lock\" \"${PODS_ROOT}/Manifest.lock\" > /dev/null\nif [ $? != 0 ] ; then\n    # print error to STDERR\n    echo \"error: The sandbox is not in sync with the Podfile.lock. Run 'pod install' or update your CocoaPods installation.\" >&2\n    exit 1\nfi\n";
			showEnvVarsInLog = 0;
		};
		8518364B18AB72CA683F8EA4 /* [CP] Check Pods Manifest.lock */ = {
			isa = PBXShellScriptBuildPhase;
			buildActionMask = 2147483647;
			files = (
			);
			inputPaths = (
			);
			name = "[CP] Check Pods Manifest.lock";
			outputPaths = (
			);
			runOnlyForDeploymentPostprocessing = 0;
			shellPath = /bin/sh;
			shellScript = "diff \"${PODS_ROOT}/../Podfile.lock\" \"${PODS_ROOT}/Manifest.lock\" > /dev/null\nif [ $? != 0 ] ; then\n    # print error to STDERR\n    echo \"error: The sandbox is not in sync with the Podfile.lock. Run 'pod install' or update your CocoaPods installation.\" >&2\n    exit 1\nfi\n";
			showEnvVarsInLog = 0;
		};
		B96123DA2716EFEC7F64DC2C /* [CP] Check Pods Manifest.lock */ = {
			isa = PBXShellScriptBuildPhase;
			buildActionMask = 2147483647;
			files = (
			);
			inputPaths = (
			);
			name = "[CP] Check Pods Manifest.lock";
			outputPaths = (
			);
			runOnlyForDeploymentPostprocessing = 0;
			shellPath = /bin/sh;
			shellScript = "diff \"${PODS_ROOT}/../Podfile.lock\" \"${PODS_ROOT}/Manifest.lock\" > /dev/null\nif [ $? != 0 ] ; then\n    # print error to STDERR\n    echo \"error: The sandbox is not in sync with the Podfile.lock. Run 'pod install' or update your CocoaPods installation.\" >&2\n    exit 1\nfi\n";
			showEnvVarsInLog = 0;
		};
		C3EED766FDCB00338B2BB717 /* [CP] Embed Pods Frameworks */ = {
			isa = PBXShellScriptBuildPhase;
			buildActionMask = 2147483647;
			files = (
			);
			inputPaths = (
			);
			name = "[CP] Embed Pods Frameworks";
			outputPaths = (
			);
			runOnlyForDeploymentPostprocessing = 0;
			shellPath = /bin/sh;
			shellScript = "\"${SRCROOT}/Pods/Target Support Files/Pods-BeesManagement/Pods-BeesManagement-frameworks.sh\"\n";
			showEnvVarsInLog = 0;
		};
		D79A8E43D8AE38C6C96E5288 /* [CP] Embed Pods Frameworks */ = {
			isa = PBXShellScriptBuildPhase;
			buildActionMask = 2147483647;
			files = (
			);
			inputPaths = (
			);
			name = "[CP] Embed Pods Frameworks";
			outputPaths = (
			);
			runOnlyForDeploymentPostprocessing = 0;
			shellPath = /bin/sh;
			shellScript = "\"${SRCROOT}/Pods/Target Support Files/Pods-BeesManagementTests/Pods-BeesManagementTests-frameworks.sh\"\n";
			showEnvVarsInLog = 0;
		};
		EC4C8B220CF2829B97FDD1FA /* [CP] Copy Pods Resources */ = {
			isa = PBXShellScriptBuildPhase;
			buildActionMask = 2147483647;
			files = (
			);
			inputPaths = (
			);
			name = "[CP] Copy Pods Resources";
			outputPaths = (
			);
			runOnlyForDeploymentPostprocessing = 0;
			shellPath = /bin/sh;
			shellScript = "\"${SRCROOT}/Pods/Target Support Files/Pods-BeesManagement/Pods-BeesManagement-resources.sh\"\n";
			showEnvVarsInLog = 0;
		};
		F14C5FF8D8DAF69728C2F879 /* [CP] Copy Pods Resources */ = {
			isa = PBXShellScriptBuildPhase;
			buildActionMask = 2147483647;
			files = (
			);
			inputPaths = (
			);
			name = "[CP] Copy Pods Resources";
			outputPaths = (
			);
			runOnlyForDeploymentPostprocessing = 0;
			shellPath = /bin/sh;
			shellScript = "\"${SRCROOT}/Pods/Target Support Files/Pods-BeesManagementUITests/Pods-BeesManagementUITests-resources.sh\"\n";
			showEnvVarsInLog = 0;
		};
/* End PBXShellScriptBuildPhase section */

/* Begin PBXSourcesBuildPhase section */
		0FAFE8791DF87C0F0001A28A /* Sources */ = {
			isa = PBXSourcesBuildPhase;
			buildActionMask = 2147483647;
			files = (
				0FAFE8B91DF8A4340001A28A /* EmployeeCellTableViewCell.swift in Sources */,
				0FAFE8BB1DF8A5040001A28A /* Employee.swift in Sources */,
				0FAFE8B71DF88E7B0001A28A /* NetworkManager.swift in Sources */,
				0FAFE8B31DF883620001A28A /* LoginViewController.swift in Sources */,
				0FAFE8811DF87C0F0001A28A /* AppDelegate.swift in Sources */,
				0FAFE8B51DF887050001A28A /* DetailsViewController.swift in Sources */,
			);
			runOnlyForDeploymentPostprocessing = 0;
		};
		0FAFE88D1DF87C0F0001A28A /* Sources */ = {
			isa = PBXSourcesBuildPhase;
			buildActionMask = 2147483647;
			files = (
				0FAFE8961DF87C0F0001A28A /* BeesManagementTests.swift in Sources */,
			);
			runOnlyForDeploymentPostprocessing = 0;
		};
		0FAFE8981DF87C0F0001A28A /* Sources */ = {
			isa = PBXSourcesBuildPhase;
			buildActionMask = 2147483647;
			files = (
				0FAFE8A11DF87C0F0001A28A /* BeesManagementUITests.swift in Sources */,
			);
			runOnlyForDeploymentPostprocessing = 0;
		};
/* End PBXSourcesBuildPhase section */

/* Begin PBXTargetDependency section */
		0FAFE8931DF87C0F0001A28A /* PBXTargetDependency */ = {
			isa = PBXTargetDependency;
			target = 0FAFE87C1DF87C0F0001A28A /* BeesManagement */;
			targetProxy = 0FAFE8921DF87C0F0001A28A /* PBXContainerItemProxy */;
		};
		0FAFE89E1DF87C0F0001A28A /* PBXTargetDependency */ = {
			isa = PBXTargetDependency;
			target = 0FAFE87C1DF87C0F0001A28A /* BeesManagement */;
			targetProxy = 0FAFE89D1DF87C0F0001A28A /* PBXContainerItemProxy */;
		};
/* End PBXTargetDependency section */

/* Begin PBXVariantGroup section */
		0FAFE8841DF87C0F0001A28A /* Main.storyboard */ = {
			isa = PBXVariantGroup;
			children = (
				0FAFE8851DF87C0F0001A28A /* Base */,
			);
			name = Main.storyboard;
			sourceTree = "<group>";
		};
		0FAFE8891DF87C0F0001A28A /* LaunchScreen.storyboard */ = {
			isa = PBXVariantGroup;
			children = (
				0FAFE88A1DF87C0F0001A28A /* Base */,
			);
			name = LaunchScreen.storyboard;
			sourceTree = "<group>";
		};
/* End PBXVariantGroup section */

/* Begin XCBuildConfiguration section */
		0FAFE8A31DF87C0F0001A28A /* Debug */ = {
			isa = XCBuildConfiguration;
			buildSettings = {
				ALWAYS_SEARCH_USER_PATHS = NO;
				CLANG_ANALYZER_NONNULL = YES;
				CLANG_CXX_LANGUAGE_STANDARD = "gnu++0x";
				CLANG_CXX_LIBRARY = "libc++";
				CLANG_ENABLE_MODULES = YES;
				CLANG_ENABLE_OBJC_ARC = YES;
				CLANG_WARN_BOOL_CONVERSION = YES;
				CLANG_WARN_CONSTANT_CONVERSION = YES;
				CLANG_WARN_DIRECT_OBJC_ISA_USAGE = YES_ERROR;
				CLANG_WARN_DOCUMENTATION_COMMENTS = YES;
				CLANG_WARN_EMPTY_BODY = YES;
				CLANG_WARN_ENUM_CONVERSION = YES;
				CLANG_WARN_INFINITE_RECURSION = YES;
				CLANG_WARN_INT_CONVERSION = YES;
				CLANG_WARN_OBJC_ROOT_CLASS = YES_ERROR;
				CLANG_WARN_SUSPICIOUS_MOVES = YES;
				CLANG_WARN_UNREACHABLE_CODE = YES;
				CLANG_WARN__DUPLICATE_METHOD_MATCH = YES;
				"CODE_SIGN_IDENTITY[sdk=iphoneos*]" = "iPhone Developer";
				COPY_PHASE_STRIP = NO;
				DEBUG_INFORMATION_FORMAT = dwarf;
				ENABLE_STRICT_OBJC_MSGSEND = YES;
				ENABLE_TESTABILITY = YES;
				GCC_C_LANGUAGE_STANDARD = gnu99;
				GCC_DYNAMIC_NO_PIC = NO;
				GCC_NO_COMMON_BLOCKS = YES;
				GCC_OPTIMIZATION_LEVEL = 0;
				GCC_PREPROCESSOR_DEFINITIONS = (
					"DEBUG=1",
					"$(inherited)",
				);
				GCC_WARN_64_TO_32_BIT_CONVERSION = YES;
				GCC_WARN_ABOUT_RETURN_TYPE = YES_ERROR;
				GCC_WARN_UNDECLARED_SELECTOR = YES;
				GCC_WARN_UNINITIALIZED_AUTOS = YES_AGGRESSIVE;
				GCC_WARN_UNUSED_FUNCTION = YES;
				GCC_WARN_UNUSED_VARIABLE = YES;
				IPHONEOS_DEPLOYMENT_TARGET = 10.0;
				MTL_ENABLE_DEBUG_INFO = YES;
				ONLY_ACTIVE_ARCH = YES;
				SDKROOT = iphoneos;
				SWIFT_ACTIVE_COMPILATION_CONDITIONS = DEBUG;
				SWIFT_OPTIMIZATION_LEVEL = "-Onone";
			};
			name = Debug;
		};
		0FAFE8A41DF87C0F0001A28A /* Release */ = {
			isa = XCBuildConfiguration;
			buildSettings = {
				ALWAYS_SEARCH_USER_PATHS = NO;
				CLANG_ANALYZER_NONNULL = YES;
				CLANG_CXX_LANGUAGE_STANDARD = "gnu++0x";
				CLANG_CXX_LIBRARY = "libc++";
				CLANG_ENABLE_MODULES = YES;
				CLANG_ENABLE_OBJC_ARC = YES;
				CLANG_WARN_BOOL_CONVERSION = YES;
				CLANG_WARN_CONSTANT_CONVERSION = YES;
				CLANG_WARN_DIRECT_OBJC_ISA_USAGE = YES_ERROR;
				CLANG_WARN_DOCUMENTATION_COMMENTS = YES;
				CLANG_WARN_EMPTY_BODY = YES;
				CLANG_WARN_ENUM_CONVERSION = YES;
				CLANG_WARN_INFINITE_RECURSION = YES;
				CLANG_WARN_INT_CONVERSION = YES;
				CLANG_WARN_OBJC_ROOT_CLASS = YES_ERROR;
				CLANG_WARN_SUSPICIOUS_MOVES = YES;
				CLANG_WARN_UNREACHABLE_CODE = YES;
				CLANG_WARN__DUPLICATE_METHOD_MATCH = YES;
				"CODE_SIGN_IDENTITY[sdk=iphoneos*]" = "iPhone Developer";
				COPY_PHASE_STRIP = NO;
				DEBUG_INFORMATION_FORMAT = "dwarf-with-dsym";
				ENABLE_NS_ASSERTIONS = NO;
				ENABLE_STRICT_OBJC_MSGSEND = YES;
				GCC_C_LANGUAGE_STANDARD = gnu99;
				GCC_NO_COMMON_BLOCKS = YES;
				GCC_WARN_64_TO_32_BIT_CONVERSION = YES;
				GCC_WARN_ABOUT_RETURN_TYPE = YES_ERROR;
				GCC_WARN_UNDECLARED_SELECTOR = YES;
				GCC_WARN_UNINITIALIZED_AUTOS = YES_AGGRESSIVE;
				GCC_WARN_UNUSED_FUNCTION = YES;
				GCC_WARN_UNUSED_VARIABLE = YES;
				IPHONEOS_DEPLOYMENT_TARGET = 10.0;
				MTL_ENABLE_DEBUG_INFO = NO;
				SDKROOT = iphoneos;
				SWIFT_OPTIMIZATION_LEVEL = "-Owholemodule";
				VALIDATE_PRODUCT = YES;
			};
			name = Release;
		};
		0FAFE8A61DF87C0F0001A28A /* Debug */ = {
			isa = XCBuildConfiguration;
			baseConfigurationReference = 916B05E429F4AB72457B7118 /* Pods-BeesManagement.debug.xcconfig */;
			buildSettings = {
				ASSETCATALOG_COMPILER_APPICON_NAME = AppIcon;
				DEVELOPMENT_TEAM = V5WMC2DRU2;
				INFOPLIST_FILE = BeesManagement/Info.plist;
				IPHONEOS_DEPLOYMENT_TARGET = 10.0;
				LD_RUNPATH_SEARCH_PATHS = "$(inherited) @executable_path/Frameworks";
				PRODUCT_BUNDLE_IDENTIFIER = selfworks.BeesManagement;
				PRODUCT_NAME = "$(TARGET_NAME)";
				SWIFT_VERSION = 3.0;
			};
			name = Debug;
		};
		0FAFE8A71DF87C0F0001A28A /* Release */ = {
			isa = XCBuildConfiguration;
			baseConfigurationReference = BAADACE612D9606A9B86C04B /* Pods-BeesManagement.release.xcconfig */;
			buildSettings = {
				ASSETCATALOG_COMPILER_APPICON_NAME = AppIcon;
				DEVELOPMENT_TEAM = V5WMC2DRU2;
				INFOPLIST_FILE = BeesManagement/Info.plist;
				IPHONEOS_DEPLOYMENT_TARGET = 10.0;
				LD_RUNPATH_SEARCH_PATHS = "$(inherited) @executable_path/Frameworks";
				PRODUCT_BUNDLE_IDENTIFIER = selfworks.BeesManagement;
				PRODUCT_NAME = "$(TARGET_NAME)";
				SWIFT_VERSION = 3.0;
			};
			name = Release;
		};
		0FAFE8A91DF87C0F0001A28A /* Debug */ = {
			isa = XCBuildConfiguration;
			baseConfigurationReference = 19915A4C72534B9B9FB64C67 /* Pods-BeesManagementTests.debug.xcconfig */;
			buildSettings = {
				ALWAYS_EMBED_SWIFT_STANDARD_LIBRARIES = YES;
				BUNDLE_LOADER = "$(TEST_HOST)";
				INFOPLIST_FILE = BeesManagementTests/Info.plist;
				LD_RUNPATH_SEARCH_PATHS = "$(inherited) @executable_path/Frameworks @loader_path/Frameworks";
				PRODUCT_BUNDLE_IDENTIFIER = selfworks.BeesManagementTests;
				PRODUCT_NAME = "$(TARGET_NAME)";
				SWIFT_VERSION = 3.0;
				TEST_HOST = "$(BUILT_PRODUCTS_DIR)/BeesManagement.app/BeesManagement";
			};
			name = Debug;
		};
		0FAFE8AA1DF87C0F0001A28A /* Release */ = {
			isa = XCBuildConfiguration;
			baseConfigurationReference = D28E8937D09BA6AC38C5AEF5 /* Pods-BeesManagementTests.release.xcconfig */;
			buildSettings = {
				ALWAYS_EMBED_SWIFT_STANDARD_LIBRARIES = YES;
				BUNDLE_LOADER = "$(TEST_HOST)";
				INFOPLIST_FILE = BeesManagementTests/Info.plist;
				LD_RUNPATH_SEARCH_PATHS = "$(inherited) @executable_path/Frameworks @loader_path/Frameworks";
				PRODUCT_BUNDLE_IDENTIFIER = selfworks.BeesManagementTests;
				PRODUCT_NAME = "$(TARGET_NAME)";
				SWIFT_VERSION = 3.0;
				TEST_HOST = "$(BUILT_PRODUCTS_DIR)/BeesManagement.app/BeesManagement";
			};
			name = Release;
		};
		0FAFE8AC1DF87C0F0001A28A /* Debug */ = {
			isa = XCBuildConfiguration;
			baseConfigurationReference = A3CEEDCA85B8CC3B9002BFC7 /* Pods-BeesManagementUITests.debug.xcconfig */;
			buildSettings = {
				ALWAYS_EMBED_SWIFT_STANDARD_LIBRARIES = YES;
				INFOPLIST_FILE = BeesManagementUITests/Info.plist;
				LD_RUNPATH_SEARCH_PATHS = "$(inherited) @executable_path/Frameworks @loader_path/Frameworks";
				PRODUCT_BUNDLE_IDENTIFIER = selfworks.BeesManagementUITests;
				PRODUCT_NAME = "$(TARGET_NAME)";
				SWIFT_VERSION = 3.0;
				TEST_TARGET_NAME = BeesManagement;
			};
			name = Debug;
		};
		0FAFE8AD1DF87C0F0001A28A /* Release */ = {
			isa = XCBuildConfiguration;
			baseConfigurationReference = E41E447DC31B92DC42475E62 /* Pods-BeesManagementUITests.release.xcconfig */;
			buildSettings = {
				ALWAYS_EMBED_SWIFT_STANDARD_LIBRARIES = YES;
				INFOPLIST_FILE = BeesManagementUITests/Info.plist;
				LD_RUNPATH_SEARCH_PATHS = "$(inherited) @executable_path/Frameworks @loader_path/Frameworks";
				PRODUCT_BUNDLE_IDENTIFIER = selfworks.BeesManagementUITests;
				PRODUCT_NAME = "$(TARGET_NAME)";
				SWIFT_VERSION = 3.0;
				TEST_TARGET_NAME = BeesManagement;
			};
			name = Release;
		};
/* End XCBuildConfiguration section */

/* Begin XCConfigurationList section */
		0FAFE8781DF87C0F0001A28A /* Build configuration list for PBXProject "BeesManagement" */ = {
			isa = XCConfigurationList;
			buildConfigurations = (
				0FAFE8A31DF87C0F0001A28A /* Debug */,
				0FAFE8A41DF87C0F0001A28A /* Release */,
			);
			defaultConfigurationIsVisible = 0;
			defaultConfigurationName = Release;
		};
		0FAFE8A51DF87C0F0001A28A /* Build configuration list for PBXNativeTarget "BeesManagement" */ = {
			isa = XCConfigurationList;
			buildConfigurations = (
				0FAFE8A61DF87C0F0001A28A /* Debug */,
				0FAFE8A71DF87C0F0001A28A /* Release */,
			);
			defaultConfigurationIsVisible = 0;
			defaultConfigurationName = Release;
		};
		0FAFE8A81DF87C0F0001A28A /* Build configuration list for PBXNativeTarget "BeesManagementTests" */ = {
			isa = XCConfigurationList;
			buildConfigurations = (
				0FAFE8A91DF87C0F0001A28A /* Debug */,
				0FAFE8AA1DF87C0F0001A28A /* Release */,
			);
			defaultConfigurationIsVisible = 0;
			defaultConfigurationName = Release;
		};
		0FAFE8AB1DF87C0F0001A28A /* Build configuration list for PBXNativeTarget "BeesManagementUITests" */ = {
			isa = XCConfigurationList;
			buildConfigurations = (
				0FAFE8AC1DF87C0F0001A28A /* Debug */,
				0FAFE8AD1DF87C0F0001A28A /* Release */,
			);
			defaultConfigurationIsVisible = 0;
			defaultConfigurationName = Release;
		};
/* End XCConfigurationList section */
	};
	rootObject = 0FAFE8751DF87C0F0001A28A /* Project object */;
}
